
Microsoft Visual Studio Solution File, Format Version 12.00
# Visual Studio 14
VisualStudioVersion = 14.0.25420.1
MinimumVisualStudioVersion = 10.0.40219.1
Project("{8BC9CEB8-8B4A-11D0-8D11-00A0C91BC942}") = "MDL", "MDL\MDL.vcxproj", "{989392C9-7E11-44E3-8790-BB4601F4BB43}"
EndProject
Project("{8BC9CEB8-8B4A-11D0-8D11-00A0C91BC942}") = "ReinforcementLearning", "ReinforcementLearning\ReinforcementLearning.vcxproj", "{F485A9A5-DA10-4994-9ABE-57C4D08AA5F0}"
EndProject
Project("{8BC9CEB8-8B4A-11D0-8D11-00A0C91BC942}") = "BasicNeuralNet", "BasicNeuralNet\BasicNeuralNet.vcxproj", "{482B0B79-8D84-4A6D-9A25-EFC9B5BE9B93}"
EndProject
Global
	GlobalSection(SolutionConfigurationPlatforms) = preSolution
		Debug|x64 = Debug|x64
		Debug|x86 = Debug|x86
		Release|x64 = Release|x64
		Release|x86 = Release|x86
	EndGlobalSection
	GlobalSection(ProjectConfigurationPlatforms) = postSolution
		{989392C9-7E11-44E3-8790-BB4601F4BB43}.Debug|x64.ActiveCfg = Debug|x64
		{989392C9-7E11-44E3-8790-BB4601F4BB43}.Debug|x64.Build.0 = Debug|x64
		{989392C9-7E11-44E3-8790-BB4601F4BB43}.Debug|x86.ActiveCfg = Debug|Win32
		{989392C9-7E11-44E3-8790-BB4601F4BB43}.Debug|x86.Build.0 = Debug|Win32
		{989392C9-7E11-44E3-8790-BB4601F4BB43}.Release|x64.ActiveCfg = Release|x64
		{989392C9-7E11-44E3-8790-BB4601F4BB43}.Release|x64.Build.0 = Release|x64
		{989392C9-7E11-44E3-8790-BB4601F4BB43}.Release|x86.ActiveCfg = Release|Win32
		{989392C9-7E11-44E3-8790-BB4601F4BB43}.Release|x86.Build.0 = Release|Win32
		{F485A9A5-DA10-4994-9ABE-57C4D08AA5F0}.Debug|x64.ActiveCfg = Debug|x64
		{F485A9A5-DA10-4994-9ABE-57C4D08AA5F0}.Debug|x64.Build.0 = Debug|x64
		{F485A9A5-DA10-4994-9ABE-57C4D08AA5F0}.Debug|x86.ActiveCfg = Debug|Win32
		{F485A9A5-DA10-4994-9ABE-57C4D08AA5F0}.Debug|x86.Build.0 = Debug|Win32
		{F485A9A5-DA10-4994-9ABE-57C4D08AA5F0}.Release|x64.ActiveCfg = Release|x64
		{F485A9A5-DA10-4994-9ABE-57C4D08AA5F0}.Release|x64.Build.0 = Release|x64
		{F485A9A5-DA10-4994-9ABE-57C4D08AA5F0}.Release|x86.ActiveCfg = Release|Win32
		{F485A9A5-DA10-4994-9ABE-57C4D08AA5F0}.Release|x86.Build.0 = Release|Win32
		{482B0B79-8D84-4A6D-9A25-EFC9B5BE9B93}.Debug|x64.ActiveCfg = Debug|x64
		{482B0B79-8D84-4A6D-9A25-EFC9B5BE9B93}.Debug|x64.Build.0 = Debug|x64
		{482B0B79-8D84-4A6D-9A25-EFC9B5BE9B93}.Debug|x86.ActiveCfg = Debug|Win32
		{482B0B79-8D84-4A6D-9A25-EFC9B5BE9B93}.Debug|x86.Build.0 = Debug|Win32
		{482B0B79-8D84-4A6D-9A25-EFC9B5BE9B93}.Release|x64.ActiveCfg = Release|x64
		{482B0B79-8D84-4A6D-9A25-EFC9B5BE9B93}.Release|x64.Build.0 = Release|x64
		{482B0B79-8D84-4A6D-9A25-EFC9B5BE9B93}.Release|x86.ActiveCfg = Release|Win32
		{482B0B79-8D84-4A6D-9A25-EFC9B5BE9B93}.Release|x86.Build.0 = Release|Win32
	EndGlobalSection
	GlobalSection(SolutionProperties) = preSolution
		HideSolutionNode = FALSE
	EndGlobalSection
EndGlobal
